{
  "originHash" : "abba3a4e4dc104cb6a92990664efcde721ee94dbe79a4af405b387dcb5015d6d",
  "pins" : [
    {
      "identity" : "colorizeswift",
      "kind" : "remoteSourceControl",
      "location" : "https://github.com/mtynior/ColorizeSwift.git",
      "state" : {
        "revision" : "4e7daa138510b77a3cce9f6a31a116f8536347dd",
        "version" : "1.7.0"
      }
    },
    {
      "identity" : "terminal-utilities",
      "kind" : "remoteSourceControl",
      "location" : "https://github.com/swifttoolkit/terminal-utilities.git",
      "state" : {
        "revision" : "e5a4a1639f9cb95fed821ea2bfc02fa92fc31981",
        "version" : "0.2.0"
      }
    }
  ],
  "version" : 3
}
